// !$*UTF8*$!
{
	archiveVersion = 1;
	classes = {
	};
	objectVersion = 56;
	objects = {

/* Begin PBXBuildFile section */
		016892E028C05AA100519228 /* InformationManagementApp.swift in Sources */ = {isa = PBXBuildFile; fileRef = 016892DF28C05AA100519228 /* InformationManagementApp.swift */; };
		016892E228C05AA100519228 /* HomeView.swift in Sources */ = {isa = PBXBuildFile; fileRef = 016892E128C05AA100519228 /* HomeView.swift */; };
		016892E428C05AAC00519228 /* Assets.xcassets in Resources */ = {isa = PBXBuildFile; fileRef = 016892E328C05AAC00519228 /* Assets.xcassets */; };
		016892E828C05AAC00519228 /* Preview Assets.xcassets in Resources */ = {isa = PBXBuildFile; fileRef = 016892E728C05AAC00519228 /* Preview Assets.xcassets */; };
		016892F928C0600300519228 /* Constants.swift in Sources */ = {isa = PBXBuildFile; fileRef = 016892F828C0600300519228 /* Constants.swift */; };
		016892FB28C0606800519228 /* CommunityView.swift in Sources */ = {isa = PBXBuildFile; fileRef = 016892FA28C0606800519228 /* CommunityView.swift */; };
		016892FD28C0607100519228 /* ProfileView.swift in Sources */ = {isa = PBXBuildFile; fileRef = 016892FC28C0607100519228 /* ProfileView.swift */; };
		016892FF28C0612900519228 /* TabUIView.swift in Sources */ = {isa = PBXBuildFile; fileRef = 016892FE28C0612900519228 /* TabUIView.swift */; };
		0168930228C0C1CF00519228 /* SignInView.swift in Sources */ = {isa = PBXBuildFile; fileRef = 0168930128C0C1CF00519228 /* SignInView.swift */; };
		0168930428C0C1DC00519228 /* SignUpView.swift in Sources */ = {isa = PBXBuildFile; fileRef = 0168930328C0C1DC00519228 /* SignUpView.swift */; };
		0168930628C0D08400519228 /* OnboardingTabView.swift in Sources */ = {isa = PBXBuildFile; fileRef = 0168930528C0D08400519228 /* OnboardingTabView.swift */; };
		0168930828C0D1EF00519228 /* OnboardingCardView.swift in Sources */ = {isa = PBXBuildFile; fileRef = 0168930728C0D1EF00519228 /* OnboardingCardView.swift */; };
		0168930A28C1B40C00519228 /* Wrapper.swift in Sources */ = {isa = PBXBuildFile; fileRef = 0168930928C1B40C00519228 /* Wrapper.swift */; };
		0170F08828CC3CF5009A081B /* students.json in Resources */ = {isa = PBXBuildFile; fileRef = 0170F08728CC3CF5009A081B /* students.json */; };
		0170F08A28CC4065009A081B /* Students.swift in Sources */ = {isa = PBXBuildFile; fileRef = 0170F08928CC4065009A081B /* Students.swift */; };
		0170F08C28CC40D1009A081B /* Societies.swift in Sources */ = {isa = PBXBuildFile; fileRef = 0170F08B28CC40D1009A081B /* Societies.swift */; };
		0170F08E28CC4211009A081B /* Publications.swift in Sources */ = {isa = PBXBuildFile; fileRef = 0170F08D28CC4211009A081B /* Publications.swift */; };
		0170F09028CC4329009A081B /* Activities.swift in Sources */ = {isa = PBXBuildFile; fileRef = 0170F08F28CC4329009A081B /* Activities.swift */; };
		0170F09228CC451E009A081B /* Users.swift in Sources */ = {isa = PBXBuildFile; fileRef = 0170F09128CC451E009A081B /* Users.swift */; };
		0170F09428CC462C009A081B /* Model.swift in Sources */ = {isa = PBXBuildFile; fileRef = 0170F09328CC462C009A081B /* Model.swift */; };
		0170F09628CC4886009A081B /* information_mannagement.db in Resources */ = {isa = PBXBuildFile; fileRef = 0170F09528CC4886009A081B /* information_mannagement.db */; };
/* End PBXBuildFile section */

/* Begin PBXFileReference section */
		016892DC28C05AA100519228 /* InformationManagement.app */ = {isa = PBXFileReference; explicitFileType = wrapper.application; includeInIndex = 0; path = InformationManagement.app; sourceTree = BUILT_PRODUCTS_DIR; };
		016892DF28C05AA100519228 /* InformationManagementApp.swift */ = {isa = PBXFileReference; lastKnownFileType = sourcecode.swift; path = InformationManagementApp.swift; sourceTree = "<group>"; };
		016892E128C05AA100519228 /* HomeView.swift */ = {isa = PBXFileReference; lastKnownFileType = sourcecode.swift; path = HomeView.swift; sourceTree = "<group>"; };
		016892E328C05AAC00519228 /* Assets.xcassets */ = {isa = PBXFileReference; lastKnownFileType = folder.assetcatalog; path = Assets.xcassets; sourceTree = "<group>"; };
		016892E528C05AAC00519228 /* InformationManagement.entitlements */ = {isa = PBXFileReference; lastKnownFileType = text.plist.entitlements; path = InformationManagement.entitlements; sourceTree = "<group>"; };
		016892E728C05AAC00519228 /* Preview Assets.xcassets */ = {isa = PBXFileReference; lastKnownFileType = folder.assetcatalog; path = "Preview Assets.xcassets"; sourceTree = "<group>"; };
		016892F828C0600300519228 /* Constants.swift */ = {isa = PBXFileReference; lastKnownFileType = sourcecode.swift; path = Constants.swift; sourceTree = "<group>"; };
		016892FA28C0606800519228 /* CommunityView.swift */ = {isa = PBXFileReference; lastKnownFileType = sourcecode.swift; path = CommunityView.swift; sourceTree = "<group>"; };
		016892FC28C0607100519228 /* ProfileView.swift */ = {isa = PBXFileReference; lastKnownFileType = sourcecode.swift; path = ProfileView.swift; sourceTree = "<group>"; };
		016892FE28C0612900519228 /* TabUIView.swift */ = {isa = PBXFileReference; lastKnownFileType = sourcecode.swift; path = TabUIView.swift; sourceTree = "<group>"; };
		0168930128C0C1CF00519228 /* SignInView.swift */ = {isa = PBXFileReference; lastKnownFileType = sourcecode.swift; path = SignInView.swift; sourceTree = "<group>"; };
		0168930328C0C1DC00519228 /* SignUpView.swift */ = {isa = PBXFileReference; lastKnownFileType = sourcecode.swift; path = SignUpView.swift; sourceTree = "<group>"; };
		0168930528C0D08400519228 /* OnboardingTabView.swift */ = {isa = PBXFileReference; lastKnownFileType = sourcecode.swift; path = OnboardingTabView.swift; sourceTree = "<group>"; };
		0168930728C0D1EF00519228 /* OnboardingCardView.swift */ = {isa = PBXFileReference; lastKnownFileType = sourcecode.swift; path = OnboardingCardView.swift; sourceTree = "<group>"; };
		0168930928C1B40C00519228 /* Wrapper.swift */ = {isa = PBXFileReference; lastKnownFileType = sourcecode.swift; path = Wrapper.swift; sourceTree = "<group>"; };
		0170F08728CC3CF5009A081B /* students.json */ = {isa = PBXFileReference; lastKnownFileType = text.json; path = students.json; sourceTree = "<group>"; };
		0170F08928CC4065009A081B /* Students.swift */ = {isa = PBXFileReference; lastKnownFileType = sourcecode.swift; path = Students.swift; sourceTree = "<group>"; };
		0170F08B28CC40D1009A081B /* Societies.swift */ = {isa = PBXFileReference; lastKnownFileType = sourcecode.swift; path = Societies.swift; sourceTree = "<group>"; };
		0170F08D28CC4211009A081B /* Publications.swift */ = {isa = PBXFileReference; lastKnownFileType = sourcecode.swift; path = Publications.swift; sourceTree = "<group>"; };
		0170F08F28CC4329009A081B /* Activities.swift */ = {isa = PBXFileReference; lastKnownFileType = sourcecode.swift; path = Activities.swift; sourceTree = "<group>"; };
		0170F09128CC451E009A081B /* Users.swift */ = {isa = PBXFileReference; lastKnownFileType = sourcecode.swift; path = Users.swift; sourceTree = "<group>"; };
		0170F09328CC462C009A081B /* Model.swift */ = {isa = PBXFileReference; lastKnownFileType = sourcecode.swift; path = Model.swift; sourceTree = "<group>"; };
		0170F09528CC4886009A081B /* information_mannagement.db */ = {isa = PBXFileReference; lastKnownFileType = text; path = information_mannagement.db; sourceTree = "<group>"; };
/* End PBXFileReference section */

/* Begin PBXFrameworksBuildPhase section */
		016892D928C05AA100519228 /* Frameworks */ = {
			isa = PBXFrameworksBuildPhase;
			buildActionMask = 2147483647;
			files = (
			);
			runOnlyForDeploymentPostprocessing = 0;
		};
/* End PBXFrameworksBuildPhase section */

/* Begin PBXGroup section */
		016892D328C05AA100519228 = {
			isa = PBXGroup;
			children = (
				016892DE28C05AA100519228 /* InformationManagement */,
				016892DD28C05AA100519228 /* Products */,
			);
			sourceTree = "<group>";
		};
		016892DD28C05AA100519228 /* Products */ = {
			isa = PBXGroup;
			children = (
				016892DC28C05AA100519228 /* InformationManagement.app */,
			);
			name = Products;
			sourceTree = "<group>";
		};
		016892DE28C05AA100519228 /* InformationManagement */ = {
			isa = PBXGroup;
			children = (
				016892DF28C05AA100519228 /* InformationManagementApp.swift */,
				016892F028C05B3300519228 /* ModelViews */,
				016892EF28C05B1D00519228 /* Views */,
				016892EE28C05B0A00519228 /* Models */,
				016892F228C05BE000519228 /* Utils */,
				016892F128C05B4100519228 /* Resourses */,
				016892E528C05AAC00519228 /* InformationManagement.entitlements */,
				016892E328C05AAC00519228 /* Assets.xcassets */,
				016892E628C05AAC00519228 /* Preview Content */,
			);
			path = InformationManagement;
			sourceTree = "<group>";
		};
		016892E628C05AAC00519228 /* Preview Content */ = {
			isa = PBXGroup;
			children = (
				016892E728C05AAC00519228 /* Preview Assets.xcassets */,
			);
			path = "Preview Content";
			sourceTree = "<group>";
		};
		016892EE28C05B0A00519228 /* Models */ = {
			isa = PBXGroup;
			children = (
				0170F09128CC451E009A081B /* Users.swift */,
				0170F08928CC4065009A081B /* Students.swift */,
				0170F08B28CC40D1009A081B /* Societies.swift */,
				0170F08F28CC4329009A081B /* Activities.swift */,
				0170F08D28CC4211009A081B /* Publications.swift */,
				0170F09328CC462C009A081B /* Model.swift */,
			);
			path = Models;
			sourceTree = "<group>";
		};
		016892EF28C05B1D00519228 /* Views */ = {
			isa = PBXGroup;
			children = (
				016892F728C05CA900519228 /* Admin */,
				016892F328C05C1900519228 /* Onboarding */,
				0168930028C0648100519228 /* Navigation */,
			);
			path = Views;
			sourceTree = "<group>";
		};
		016892F028C05B3300519228 /* ModelViews */ = {
			isa = PBXGroup;
			children = (
			);
			path = ModelViews;
			sourceTree = "<group>";
		};
		016892F128C05B4100519228 /* Resourses */ = {
			isa = PBXGroup;
			children = (
				0170F08728CC3CF5009A081B /* students.json */,
			);
			path = Resourses;
			sourceTree = "<group>";
		};
		016892F228C05BE000519228 /* Utils */ = {
			isa = PBXGroup;
			children = (
				016892F828C0600300519228 /* Constants.swift */,
				0170F09528CC4886009A081B /* information_mannagement.db */,
			);
			path = Utils;
			sourceTree = "<group>";
		};
		016892F328C05C1900519228 /* Onboarding */ = {
			isa = PBXGroup;
			children = (
				0168930128C0C1CF00519228 /* SignInView.swift */,
				0168930328C0C1DC00519228 /* SignUpView.swift */,
				0168930528C0D08400519228 /* OnboardingTabView.swift */,
				0168930728C0D1EF00519228 /* OnboardingCardView.swift */,
				0168930928C1B40C00519228 /* Wrapper.swift */,
			);
			path = Onboarding;
			sourceTree = "<group>";
		};
		016892F428C05C2700519228 /* Home */ = {
			isa = PBXGroup;
			children = (
				016892E128C05AA100519228 /* HomeView.swift */,
			);
			path = Home;
			sourceTree = "<group>";
		};
		016892F528C05C3100519228 /* Profile */ = {
			isa = PBXGroup;
			children = (
				016892FC28C0607100519228 /* ProfileView.swift */,
			);
			path = Profile;
			sourceTree = "<group>";
		};
		016892F628C05C3C00519228 /* Community */ = {
			isa = PBXGroup;
			children = (
				016892FA28C0606800519228 /* CommunityView.swift */,
			);
			path = Community;
			sourceTree = "<group>";
		};
		016892F728C05CA900519228 /* Admin */ = {
			isa = PBXGroup;
			children = (
			);
			path = Admin;
			sourceTree = "<group>";
		};
		0168930028C0648100519228 /* Navigation */ = {
			isa = PBXGroup;
			children = (
				016892FE28C0612900519228 /* TabUIView.swift */,
				016892F428C05C2700519228 /* Home */,
				016892F628C05C3C00519228 /* Community */,
				016892F528C05C3100519228 /* Profile */,
			);
			path = Navigation;
			sourceTree = "<group>";
		};
/* End PBXGroup section */

/* Begin PBXNativeTarget section */
		016892DB28C05AA100519228 /* InformationManagement */ = {
			isa = PBXNativeTarget;
			buildConfigurationList = 016892EB28C05AAC00519228 /* Build configuration list for PBXNativeTarget "InformationManagement" */;
			buildPhases = (
				016892D828C05AA100519228 /* Sources */,
				016892D928C05AA100519228 /* Frameworks */,
				016892DA28C05AA100519228 /* Resources */,
			);
			buildRules = (
			);
			dependencies = (
			);
			name = InformationManagement;
			productName = InformationManagement;
			productReference = 016892DC28C05AA100519228 /* InformationManagement.app */;
			productType = "com.apple.product-type.application";
		};
/* End PBXNativeTarget section */

/* Begin PBXProject section */
		016892D428C05AA100519228 /* Project object */ = {
			isa = PBXProject;
			attributes = {
				BuildIndependentTargetsInParallel = 1;
				LastSwiftUpdateCheck = 1400;
				LastUpgradeCheck = 1400;
				TargetAttributes = {
					016892DB28C05AA100519228 = {
						CreatedOnToolsVersion = 14.0;
					};
				};
			};
			buildConfigurationList = 016892D728C05AA100519228 /* Build configuration list for PBXProject "InformationManagement" */;
			compatibilityVersion = "Xcode 14.0";
			developmentRegion = en;
			hasScannedForEncodings = 0;
			knownRegions = (
				en,
				Base,
			);
			mainGroup = 016892D328C05AA100519228;
			productRefGroup = 016892DD28C05AA100519228 /* Products */;
			projectDirPath = "";
			projectRoot = "";
			targets = (
				016892DB28C05AA100519228 /* InformationManagement */,
			);
		};
/* End PBXProject section */

/* Begin PBXResourcesBuildPhase section */
		016892DA28C05AA100519228 /* Resources */ = {
			isa = PBXResourcesBuildPhase;
			buildActionMask = 2147483647;
			files = (
				016892E828C05AAC00519228 /* Preview Assets.xcassets in Resources */,
				016892E428C05AAC00519228 /* Assets.xcassets in Resources */,
				0170F09628CC4886009A081B /* information_mannagement.db in Resources */,
				0170F08828CC3CF5009A081B /* students.json in Resources */,
			);
			runOnlyForDeploymentPostprocessing = 0;
		};
/* End PBXResourcesBuildPhase section */

/* Begin PBXSourcesBuildPhase section */
		016892D828C05AA100519228 /* Sources */ = {
			isa = PBXSourcesBuildPhase;
			buildActionMask = 2147483647;
			files = (
				016892E228C05AA100519228 /* HomeView.swift in Sources */,
				0168930628C0D08400519228 /* OnboardingTabView.swift in Sources */,
				0168930228C0C1CF00519228 /* SignInView.swift in Sources */,
				0170F08A28CC4065009A081B /* Students.swift in Sources */,
				016892E028C05AA100519228 /* InformationManagementApp.swift in Sources */,
				016892FF28C0612900519228 /* TabUIView.swift in Sources */,
				0168930828C0D1EF00519228 /* OnboardingCardView.swift in Sources */,
				0168930428C0C1DC00519228 /* SignUpView.swift in Sources */,
				0170F09228CC451E009A081B /* Users.swift in Sources */,
				0170F09028CC4329009A081B /* Activities.swift in Sources */,
				0170F09428CC462C009A081B /* Model.swift in Sources */,
				016892FD28C0607100519228 /* ProfileView.swift in Sources */,
				0168930A28C1B40C00519228 /* Wrapper.swift in Sources */,
				0170F08C28CC40D1009A081B /* Societies.swift in Sources */,
				016892FB28C0606800519228 /* CommunityView.swift in Sources */,
				0170F08E28CC4211009A081B /* Publications.swift in Sources */,
				016892F928C0600300519228 /* Constants.swift in Sources */,
			);
			runOnlyForDeploymentPostprocessing = 0;
		};
/* End PBXSourcesBuildPhase section */

/* Begin XCBuildConfiguration section */
		016892E928C05AAC00519228 /* Debug */ = {
			isa = XCBuildConfiguration;
			buildSettings = {
				ALWAYS_SEARCH_USER_PATHS = NO;
				CLANG_ANALYZER_NONNULL = YES;
				CLANG_ANALYZER_NUMBER_OBJECT_CONVERSION = YES_AGGRESSIVE;
				CLANG_CXX_LANGUAGE_STANDARD = "gnu++20";
				CLANG_ENABLE_MODULES = YES;
				CLANG_ENABLE_OBJC_ARC = YES;
				CLANG_ENABLE_OBJC_WEAK = YES;
				CLANG_WARN_BLOCK_CAPTURE_AUTORELEASING = YES;
				CLANG_WARN_BOOL_CONVERSION = YES;
				CLANG_WARN_COMMA = YES;
				CLANG_WARN_CONSTANT_CONVERSION = YES;
				CLANG_WARN_DEPRECATED_OBJC_IMPLEMENTATIONS = YES;
				CLANG_WARN_DIRECT_OBJC_ISA_USAGE = YES_ERROR;
				CLANG_WARN_DOCUMENTATION_COMMENTS = YES;
				CLANG_WARN_EMPTY_BODY = YES;
				CLANG_WARN_ENUM_CONVERSION = YES;
				CLANG_WARN_INFINITE_RECURSION = YES;
				CLANG_WARN_INT_CONVERSION = YES;
				CLANG_WARN_NON_LITERAL_NULL_CONVERSION = YES;
				CLANG_WARN_OBJC_IMPLICIT_RETAIN_SELF = YES;
				CLANG_WARN_OBJC_LITERAL_CONVERSION = YES;
				CLANG_WARN_OBJC_ROOT_CLASS = YES_ERROR;
				CLANG_WARN_QUOTED_INCLUDE_IN_FRAMEWORK_HEADER = YES;
				CLANG_WARN_RANGE_LOOP_ANALYSIS = YES;
				CLANG_WARN_STRICT_PROTOTYPES = YES;
				CLANG_WARN_SUSPICIOUS_MOVE = YES;
				CLANG_WARN_UNGUARDED_AVAILABILITY = YES_AGGRESSIVE;
				CLANG_WARN_UNREACHABLE_CODE = YES;
				CLANG_WARN__DUPLICATE_METHOD_MATCH = YES;
				COPY_PHASE_STRIP = NO;
				DEBUG_INFORMATION_FORMAT = dwarf;
				ENABLE_STRICT_OBJC_MSGSEND = YES;
				ENABLE_TESTABILITY = YES;
				GCC_C_LANGUAGE_STANDARD = gnu11;
				GCC_DYNAMIC_NO_PIC = NO;
				GCC_NO_COMMON_BLOCKS = YES;
				GCC_OPTIMIZATION_LEVEL = 0;
				GCC_PREPROCESSOR_DEFINITIONS = (
					"DEBUG=1",
					"$(inherited)",
				);
				GCC_WARN_64_TO_32_BIT_CONVERSION = YES;
				GCC_WARN_ABOUT_RETURN_TYPE = YES_ERROR;
				GCC_WARN_UNDECLARED_SELECTOR = YES;
				GCC_WARN_UNINITIALIZED_AUTOS = YES_AGGRESSIVE;
				GCC_WARN_UNUSED_FUNCTION = YES;
				GCC_WARN_UNUSED_VARIABLE = YES;
				MTL_ENABLE_DEBUG_INFO = INCLUDE_SOURCE;
				MTL_FAST_MATH = YES;
				ONLY_ACTIVE_ARCH = YES;
				SWIFT_ACTIVE_COMPILATION_CONDITIONS = DEBUG;
				SWIFT_OPTIMIZATION_LEVEL = "-Onone";
			};
			name = Debug;
		};
		016892EA28C05AAC00519228 /* Release */ = {
			isa = XCBuildConfiguration;
			buildSettings = {
				ALWAYS_SEARCH_USER_PATHS = NO;
				CLANG_ANALYZER_NONNULL = YES;
				CLANG_ANALYZER_NUMBER_OBJECT_CONVERSION = YES_AGGRESSIVE;
				CLANG_CXX_LANGUAGE_STANDARD = "gnu++20";
				CLANG_ENABLE_MODULES = YES;
				CLANG_ENABLE_OBJC_ARC = YES;
				CLANG_ENABLE_OBJC_WEAK = YES;
				CLANG_WARN_BLOCK_CAPTURE_AUTORELEASING = YES;
				CLANG_WARN_BOOL_CONVERSION = YES;
				CLANG_WARN_COMMA = YES;
				CLANG_WARN_CONSTANT_CONVERSION = YES;
				CLANG_WARN_DEPRECATED_OBJC_IMPLEMENTATIONS = YES;
				CLANG_WARN_DIRECT_OBJC_ISA_USAGE = YES_ERROR;
				CLANG_WARN_DOCUMENTATION_COMMENTS = YES;
				CLANG_WARN_EMPTY_BODY = YES;
				CLANG_WARN_ENUM_CONVERSION = YES;
				CLANG_WARN_INFINITE_RECURSION = YES;
				CLANG_WARN_INT_CONVERSION = YES;
				CLANG_WARN_NON_LITERAL_NULL_CONVERSION = YES;
				CLANG_WARN_OBJC_IMPLICIT_RETAIN_SELF = YES;
				CLANG_WARN_OBJC_LITERAL_CONVERSION = YES;
				CLANG_WARN_OBJC_ROOT_CLASS = YES_ERROR;
				CLANG_WARN_QUOTED_INCLUDE_IN_FRAMEWORK_HEADER = YES;
				CLANG_WARN_RANGE_LOOP_ANALYSIS = YES;
				CLANG_WARN_STRICT_PROTOTYPES = YES;
				CLANG_WARN_SUSPICIOUS_MOVE = YES;
				CLANG_WARN_UNGUARDED_AVAILABILITY = YES_AGGRESSIVE;
				CLANG_WARN_UNREACHABLE_CODE = YES;
				CLANG_WARN__DUPLICATE_METHOD_MATCH = YES;
				COPY_PHASE_STRIP = NO;
				DEBUG_INFORMATION_FORMAT = "dwarf-with-dsym";
				ENABLE_NS_ASSERTIONS = NO;
				ENABLE_STRICT_OBJC_MSGSEND = YES;
				GCC_C_LANGUAGE_STANDARD = gnu11;
				GCC_NO_COMMON_BLOCKS = YES;
				GCC_WARN_64_TO_32_BIT_CONVERSION = YES;
				GCC_WARN_ABOUT_RETURN_TYPE = YES_ERROR;
				GCC_WARN_UNDECLARED_SELECTOR = YES;
				GCC_WARN_UNINITIALIZED_AUTOS = YES_AGGRESSIVE;
				GCC_WARN_UNUSED_FUNCTION = YES;
				GCC_WARN_UNUSED_VARIABLE = YES;
				MTL_ENABLE_DEBUG_INFO = NO;
				MTL_FAST_MATH = YES;
				SWIFT_COMPILATION_MODE = wholemodule;
				SWIFT_OPTIMIZATION_LEVEL = "-O";
			};
			name = Release;
		};
		016892EC28C05AAC00519228 /* Debug */ = {
			isa = XCBuildConfiguration;
			buildSettings = {
				ASSETCATALOG_COMPILER_APPICON_NAME = AppIcon;
				ASSETCATALOG_COMPILER_GLOBAL_ACCENT_COLOR_NAME = AccentColor;
				CODE_SIGN_ENTITLEMENTS = InformationManagement/InformationManagement.entitlements;
				CODE_SIGN_STYLE = Automatic;
				CURRENT_PROJECT_VERSION = 1;
				DEVELOPMENT_ASSET_PATHS = "\"InformationManagement/Preview Content\"";
				DEVELOPMENT_TEAM = C24ZVTATC5;
				ENABLE_HARDENED_RUNTIME = YES;
				ENABLE_PREVIEWS = YES;
				GENERATE_INFOPLIST_FILE = YES;
				"INFOPLIST_KEY_UIApplicationSceneManifest_Generation[sdk=iphoneos*]" = YES;
				"INFOPLIST_KEY_UIApplicationSceneManifest_Generation[sdk=iphonesimulator*]" = YES;
				"INFOPLIST_KEY_UIApplicationSupportsIndirectInputEvents[sdk=iphoneos*]" = YES;
				"INFOPLIST_KEY_UIApplicationSupportsIndirectInputEvents[sdk=iphonesimulator*]" = YES;
				"INFOPLIST_KEY_UILaunchScreen_Generation[sdk=iphoneos*]" = YES;
				"INFOPLIST_KEY_UILaunchScreen_Generation[sdk=iphonesimulator*]" = YES;
				INFOPLIST_KEY_UISupportedInterfaceOrientations_iPad = "UIInterfaceOrientationPortrait UIInterfaceOrientationPortraitUpsideDown UIInterfaceOrientationLandscapeLeft UIInterfaceOrientationLandscapeRight";
				INFOPLIST_KEY_UISupportedInterfaceOrientations_iPhone = "UIInterfaceOrientationPortrait UIInterfaceOrientationLandscapeLeft UIInterfaceOrientationLandscapeRight";
				IPHONEOS_DEPLOYMENT_TARGET = 16.0;
				LD_RUNPATH_SEARCH_PATHS = "@executable_path/Frameworks";
				"LD_RUNPATH_SEARCH_PATHS[sdk=macosx*]" = "@executable_path/../Frameworks";
				MACOSX_DEPLOYMENT_TARGET = 13.0;
				MARKETING_VERSION = 1.0;
				PRODUCT_BUNDLE_IDENTIFIER = uglydavy.InformationManagement;
				PRODUCT_NAME = "$(TARGET_NAME)";
				SDKROOT = auto;
				SUPPORTED_PLATFORMS = "iphoneos iphonesimulator macosx";
				SWIFT_EMIT_LOC_STRINGS = YES;
				SWIFT_VERSION = 5.0;
				TARGETED_DEVICE_FAMILY = "1,2";
			};
			name = Debug;
		};
		016892ED28C05AAC00519228 /* Release */ = {
			isa = XCBuildConfiguration;
			buildSettings = {
				ASSETCATALOG_COMPILER_APPICON_NAME = AppIcon;
				ASSETCATALOG_COMPILER_GLOBAL_ACCENT_COLOR_NAME = AccentColor;
				CODE_SIGN_ENTITLEMENTS = InformationManagement/InformationManagement.entitlements;
				CODE_SIGN_STYLE = Automatic;
				CURRENT_PROJECT_VERSION = 1;
				DEVELOPMENT_ASSET_PATHS = "\"InformationManagement/Preview Content\"";
				DEVELOPMENT_TEAM = C24ZVTATC5;
				ENABLE_HARDENED_RUNTIME = YES;
				ENABLE_PREVIEWS = YES;
				GENERATE_INFOPLIST_FILE = YES;
				"INFOPLIST_KEY_UIApplicationSceneManifest_Generation[sdk=iphoneos*]" = YES;
				"INFOPLIST_KEY_UIApplicationSceneManifest_Generation[sdk=iphonesimulator*]" = YES;
				"INFOPLIST_KEY_UIApplicationSupportsIndirectInputEvents[sdk=iphoneos*]" = YES;
				"INFOPLIST_KEY_UIApplicationSupportsIndirectInputEvents[sdk=iphonesimulator*]" = YES;
				"INFOPLIST_KEY_UILaunchScreen_Generation[sdk=iphoneos*]" = YES;
				"INFOPLIST_KEY_UILaunchScreen_Generation[sdk=iphonesimulator*]" = YES;
				INFOPLIST_KEY_UISupportedInterfaceOrientations_iPad = "UIInterfaceOrientationPortrait UIInterfaceOrientationPortraitUpsideDown UIInterfaceOrientationLandscapeLeft UIInterfaceOrientationLandscapeRight";
				INFOPLIST_KEY_UISupportedInterfaceOrientations_iPhone = "UIInterfaceOrientationPortrait UIInterfaceOrientationLandscapeLeft UIInterfaceOrientationLandscapeRight";
				IPHONEOS_DEPLOYMENT_TARGET = 16.0;
				LD_RUNPATH_SEARCH_PATHS = "@executable_path/Frameworks";
				"LD_RUNPATH_SEARCH_PATHS[sdk=macosx*]" = "@executable_path/../Frameworks";
				MACOSX_DEPLOYMENT_TARGET = 13.0;
				MARKETING_VERSION = 1.0;
				PRODUCT_BUNDLE_IDENTIFIER = uglydavy.InformationManagement;
				PRODUCT_NAME = "$(TARGET_NAME)";
				SDKROOT = auto;
				SUPPORTED_PLATFORMS = "iphoneos iphonesimulator macosx";
				SWIFT_EMIT_LOC_STRINGS = YES;
				SWIFT_VERSION = 5.0;
				TARGETED_DEVICE_FAMILY = "1,2";
			};
			name = Release;
		};
/* End XCBuildConfiguration section */

/* Begin XCConfigurationList section */
		016892D728C05AA100519228 /* Build configuration list for PBXProject "InformationManagement" */ = {
			isa = XCConfigurationList;
			buildConfigurations = (
				016892E928C05AAC00519228 /* Debug */,
				016892EA28C05AAC00519228 /* Release */,
			);
			defaultConfigurationIsVisible = 0;
			defaultConfigurationName = Release;
		};
		016892EB28C05AAC00519228 /* Build configuration list for PBXNativeTarget "InformationManagement" */ = {
			isa = XCConfigurationList;
			buildConfigurations = (
				016892EC28C05AAC00519228 /* Debug */,
				016892ED28C05AAC00519228 /* Release */,
			);
			defaultConfigurationIsVisible = 0;
			defaultConfigurationName = Release;
		};
/* End XCConfigurationList section */
	};
	rootObject = 016892D428C05AA100519228 /* Project object */;
}
